// !$*UTF8*$!
{
	archiveVersion = 1;
	classes = {
	};
	objectVersion = 51;
	objects = {

/* Begin PBXBuildFile section */
		27B5CB2E4EC062CAB1807DE1 /* Pods_GitExplorer_GitExplorerUITests.framework in Frameworks */ = {isa = PBXBuildFile; fileRef = 21388CC3D05469BA799B5689 /* Pods_GitExplorer_GitExplorerUITests.framework */; };
		5B86AE7425ECDB5500DCC5F5 /* GitSearchReposViewModelTests.swift in Sources */ = {isa = PBXBuildFile; fileRef = 5B86AE7325ECDB5500DCC5F5 /* GitSearchReposViewModelTests.swift */; };
		5B86AE7925ECFCE300DCC5F5 /* GitRepoProviderProtocol.swift in Sources */ = {isa = PBXBuildFile; fileRef = 5B86AE7825ECFCE300DCC5F5 /* GitRepoProviderProtocol.swift */; };
		5B86AE7E25ED079500DCC5F5 /* GitRepoCellViewModel.swift in Sources */ = {isa = PBXBuildFile; fileRef = 5B86AE7D25ED079500DCC5F5 /* GitRepoCellViewModel.swift */; };
		5B86AE8625ED167700DCC5F5 /* GitRepoViewModelDelegate.swift in Sources */ = {isa = PBXBuildFile; fileRef = 5B86AE8525ED167700DCC5F5 /* GitRepoViewModelDelegate.swift */; };
		5B86AEBE25ED485400DCC5F5 /* GitRepoRemoteListProvider.swift in Sources */ = {isa = PBXBuildFile; fileRef = 5B86AEBD25ED485400DCC5F5 /* GitRepoRemoteListProvider.swift */; };
		5B86AF0F25ED8BE600DCC5F5 /* GitRepoRemoteListProviderTests.swift in Sources */ = {isa = PBXBuildFile; fileRef = 5B86AF0E25ED8BE600DCC5F5 /* GitRepoRemoteListProviderTests.swift */; };
		5B86AF2725EE1B3D00DCC5F5 /* GitSearchReposCoordinator.swift in Sources */ = {isa = PBXBuildFile; fileRef = 5B86AF2625EE1B3D00DCC5F5 /* GitSearchReposCoordinator.swift */; };
		5B86AF3D25EE1B7B00DCC5F5 /* UITableView+Extension.swift in Sources */ = {isa = PBXBuildFile; fileRef = 5B86AF3925EE1B7B00DCC5F5 /* UITableView+Extension.swift */; };
		5B86AF3E25EE1B7B00DCC5F5 /* UITableViewCell+Extension.swift in Sources */ = {isa = PBXBuildFile; fileRef = 5B86AF3A25EE1B7B00DCC5F5 /* UITableViewCell+Extension.swift */; };
		5B86AF3F25EE1B7B00DCC5F5 /* UITableViewHeaderFooterView+Extension.swift in Sources */ = {isa = PBXBuildFile; fileRef = 5B86AF3B25EE1B7B00DCC5F5 /* UITableViewHeaderFooterView+Extension.swift */; };
		5B86AF4025EE1B7B00DCC5F5 /* Storyboard+Utility.swift in Sources */ = {isa = PBXBuildFile; fileRef = 5B86AF3C25EE1B7B00DCC5F5 /* Storyboard+Utility.swift */; };
		5B86AF4625EE1B8700DCC5F5 /* BaseCoordinator.swift in Sources */ = {isa = PBXBuildFile; fileRef = 5B86AF4525EE1B8700DCC5F5 /* BaseCoordinator.swift */; };
		5B86AF5125EE2C1200DCC5F5 /* GitRepoViewDelegate.swift in Sources */ = {isa = PBXBuildFile; fileRef = 5B86AF5025EE2C1200DCC5F5 /* GitRepoViewDelegate.swift */; };
		5B86AF5825EE2C1C00DCC5F5 /* GItRepoListHeaderView.swift in Sources */ = {isa = PBXBuildFile; fileRef = 5B86AF5525EE2C1C00DCC5F5 /* GItRepoListHeaderView.swift */; };
		5B86AF5925EE2C1C00DCC5F5 /* GItRepoListHeaderView.xib in Resources */ = {isa = PBXBuildFile; fileRef = 5B86AF5625EE2C1C00DCC5F5 /* GItRepoListHeaderView.xib */; };
		5B86AF5A25EE2C1C00DCC5F5 /* GitRepoTableViewCell.swift in Sources */ = {isa = PBXBuildFile; fileRef = 5B86AF5725EE2C1C00DCC5F5 /* GitRepoTableViewCell.swift */; };
		5B86AF8025EE593F00DCC5F5 /* GitRepoDetailCoordinator.swift in Sources */ = {isa = PBXBuildFile; fileRef = 5B86AF7F25EE593F00DCC5F5 /* GitRepoDetailCoordinator.swift */; };
		5B86AF8825EE5B6500DCC5F5 /* GitRepoDetailViewController.swift in Sources */ = {isa = PBXBuildFile; fileRef = 5B86AF8725EE5B6500DCC5F5 /* GitRepoDetailViewController.swift */; };
		5B86AF8E25EE5DAB00DCC5F5 /* GitRepoDetailViewModel.swift in Sources */ = {isa = PBXBuildFile; fileRef = 5B86AF8D25EE5DAB00DCC5F5 /* GitRepoDetailViewModel.swift */; };
		5B86AFA525EE609000DCC5F5 /* GitRepoDetailModel.swift in Sources */ = {isa = PBXBuildFile; fileRef = 5B86AFA425EE609000DCC5F5 /* GitRepoDetailModel.swift */; };
		5B86AFAA25EE7CE800DCC5F5 /* UIStackView+Extension.swift in Sources */ = {isa = PBXBuildFile; fileRef = 5B86AFA925EE7CE800DCC5F5 /* UIStackView+Extension.swift */; };
		5B86AFAF25EE8B2100DCC5F5 /* KeyValueDetailView.swift in Sources */ = {isa = PBXBuildFile; fileRef = 5B86AFAE25EE8B2100DCC5F5 /* KeyValueDetailView.swift */; };
		5B86AFB425EE8B3200DCC5F5 /* KeyValueDetailView.xib in Resources */ = {isa = PBXBuildFile; fileRef = 5B86AFB325EE8B3200DCC5F5 /* KeyValueDetailView.xib */; };
		5B86AFD725EE99A600DCC5F5 /* KeyValueDetailModel.swift in Sources */ = {isa = PBXBuildFile; fileRef = 5B86AFD625EE99A600DCC5F5 /* KeyValueDetailModel.swift */; };
		5B86AFDC25EEA9EC00DCC5F5 /* GitRepoDetailViewModelTests.swift in Sources */ = {isa = PBXBuildFile; fileRef = 5B86AFDB25EEA9EC00DCC5F5 /* GitRepoDetailViewModelTests.swift */; };
		5BF1554025EA8DE3008EC837 /* AppDelegate.swift in Sources */ = {isa = PBXBuildFile; fileRef = 5BF1553F25EA8DE3008EC837 /* AppDelegate.swift */; };
		5BF1554225EA8DE3008EC837 /* SceneDelegate.swift in Sources */ = {isa = PBXBuildFile; fileRef = 5BF1554125EA8DE3008EC837 /* SceneDelegate.swift */; };
		5BF1554425EA8DE3008EC837 /* ViewController.swift in Sources */ = {isa = PBXBuildFile; fileRef = 5BF1554325EA8DE3008EC837 /* ViewController.swift */; };
		5BF1554725EA8DE3008EC837 /* Main.storyboard in Resources */ = {isa = PBXBuildFile; fileRef = 5BF1554525EA8DE3008EC837 /* Main.storyboard */; };
		5BF1554925EA8DE6008EC837 /* Assets.xcassets in Resources */ = {isa = PBXBuildFile; fileRef = 5BF1554825EA8DE6008EC837 /* Assets.xcassets */; };
		5BF1554C25EA8DE6008EC837 /* LaunchScreen.storyboard in Resources */ = {isa = PBXBuildFile; fileRef = 5BF1554A25EA8DE6008EC837 /* LaunchScreen.storyboard */; };
		5BF1558125EAADBD008EC837 /* Localizable.strings in Resources */ = {isa = PBXBuildFile; fileRef = 5BF1558025EAADBD008EC837 /* Localizable.strings */; };
		5BF155A625EACDAC008EC837 /* ParamEncoding.swift in Sources */ = {isa = PBXBuildFile; fileRef = 5BF155A525EACDAC008EC837 /* ParamEncoding.swift */; };
		5BF155AB25EACF83008EC837 /* HttpMethod.swift in Sources */ = {isa = PBXBuildFile; fileRef = 5BF155AA25EACF83008EC837 /* HttpMethod.swift */; };
		5BF155B025EB44A4008EC837 /* NetworkRequest.swift in Sources */ = {isa = PBXBuildFile; fileRef = 5BF155AF25EB44A4008EC837 /* NetworkRequest.swift */; };
		5BF155B525EB5BB8008EC837 /* NetworkManager.swift in Sources */ = {isa = PBXBuildFile; fileRef = 5BF155B425EB5BB8008EC837 /* NetworkManager.swift */; };
		5BF155BA25EB610C008EC837 /* SessionHelper.swift in Sources */ = {isa = PBXBuildFile; fileRef = 5BF155B925EB610C008EC837 /* SessionHelper.swift */; };
		5BF155BF25EC09AC008EC837 /* NetworkProvider.swift in Sources */ = {isa = PBXBuildFile; fileRef = 5BF155BE25EC09AC008EC837 /* NetworkProvider.swift */; };
		5BF155EA25EC2CA2008EC837 /* GitSearchWorkerProtocol.swift in Sources */ = {isa = PBXBuildFile; fileRef = 5BF155E925EC2CA2008EC837 /* GitSearchWorkerProtocol.swift */; };
		5BF155F225EC2CB8008EC837 /* GitSearchWorker.swift in Sources */ = {isa = PBXBuildFile; fileRef = 5BF155F125EC2CB8008EC837 /* GitSearchWorker.swift */; };
		5BF155FD25EC2CCE008EC837 /* GitSearchServiceHandler.swift in Sources */ = {isa = PBXBuildFile; fileRef = 5BF155FC25EC2CCE008EC837 /* GitSearchServiceHandler.swift */; };
		5BF1560225EC2D04008EC837 /* GitSearchTarget.swift in Sources */ = {isa = PBXBuildFile; fileRef = 5BF1560125EC2D04008EC837 /* GitSearchTarget.swift */; };
		5BF1560B25EC2D78008EC837 /* GitReposParameterModel.swift in Sources */ = {isa = PBXBuildFile; fileRef = 5BF1560A25EC2D78008EC837 /* GitReposParameterModel.swift */; };
		5BF1561425EC2E57008EC837 /* Encodable+Extension.swift in Sources */ = {isa = PBXBuildFile; fileRef = 5BF1561325EC2E57008EC837 /* Encodable+Extension.swift */; };
		5BF1561A25EC2F08008EC837 /* GitRepoListResponse.swift in Sources */ = {isa = PBXBuildFile; fileRef = 5BF1561925EC2F08008EC837 /* GitRepoListResponse.swift */; };
		5BF1562B25EC3D18008EC837 /* MockNetworkManager.swift in Sources */ = {isa = PBXBuildFile; fileRef = 5BF1562A25EC3D18008EC837 /* MockNetworkManager.swift */; };
		5BF1563325EC3FC0008EC837 /* FileUtility.swift in Sources */ = {isa = PBXBuildFile; fileRef = 5BF1563225EC3FC0008EC837 /* FileUtility.swift */; };
		5BF1563E25EC4BDB008EC837 /* GitSearchServiceHandlerTests.swift in Sources */ = {isa = PBXBuildFile; fileRef = 5BF1563D25EC4BDB008EC837 /* GitSearchServiceHandlerTests.swift */; };
		5BF1564725EC4CAE008EC837 /* SearchReposResponse.json in Resources */ = {isa = PBXBuildFile; fileRef = 5BF1564625EC4CAE008EC837 /* SearchReposResponse.json */; };
		5BF1565925EC503D008EC837 /* GitExplorerUITests.swift in Sources */ = {isa = PBXBuildFile; fileRef = 5BF1556125EA8DE8008EC837 /* GitExplorerUITests.swift */; };
		5BF1566C25EC57C6008EC837 /* GitSearchReposViewModel.swift in Sources */ = {isa = PBXBuildFile; fileRef = 5BF1566B25EC57C6008EC837 /* GitSearchReposViewModel.swift */; };
		CFF97591B0272665A6D9EA52 /* Pods_GitExplorerTests.framework in Frameworks */ = {isa = PBXBuildFile; fileRef = C9FB91F517DBECEEECA7AD5C /* Pods_GitExplorerTests.framework */; };
		FFFA20CFA97EA84811AF90E7 /* Pods_GitExplorer.framework in Frameworks */ = {isa = PBXBuildFile; fileRef = E1A3AA07BA06A80055D22B96 /* Pods_GitExplorer.framework */; };
/* End PBXBuildFile section */

/* Begin PBXContainerItemProxy section */
		5BF1555325EA8DE7008EC837 /* PBXContainerItemProxy */ = {
			isa = PBXContainerItemProxy;
			containerPortal = 5BF1553425EA8DE3008EC837 /* Project object */;
			proxyType = 1;
			remoteGlobalIDString = 5BF1553B25EA8DE3008EC837;
			remoteInfo = GitExplorer;
		};
		5BF1555E25EA8DE8008EC837 /* PBXContainerItemProxy */ = {
			isa = PBXContainerItemProxy;
			containerPortal = 5BF1553425EA8DE3008EC837 /* Project object */;
			proxyType = 1;
			remoteGlobalIDString = 5BF1553B25EA8DE3008EC837;
			remoteInfo = GitExplorer;
		};
/* End PBXContainerItemProxy section */

/* Begin PBXFileReference section */
		00A6171106EF0D661171D0EB /* Pods-GitExplorer.debug.xcconfig */ = {isa = PBXFileReference; includeInIndex = 1; lastKnownFileType = text.xcconfig; name = "Pods-GitExplorer.debug.xcconfig"; path = "Target Support Files/Pods-GitExplorer/Pods-GitExplorer.debug.xcconfig"; sourceTree = "<group>"; };
		21388CC3D05469BA799B5689 /* Pods_GitExplorer_GitExplorerUITests.framework */ = {isa = PBXFileReference; explicitFileType = wrapper.framework; includeInIndex = 0; path = Pods_GitExplorer_GitExplorerUITests.framework; sourceTree = BUILT_PRODUCTS_DIR; };
		5B86AE7325ECDB5500DCC5F5 /* GitSearchReposViewModelTests.swift */ = {isa = PBXFileReference; lastKnownFileType = sourcecode.swift; path = GitSearchReposViewModelTests.swift; sourceTree = "<group>"; };
		5B86AE7825ECFCE300DCC5F5 /* GitRepoProviderProtocol.swift */ = {isa = PBXFileReference; lastKnownFileType = sourcecode.swift; path = GitRepoProviderProtocol.swift; sourceTree = "<group>"; };
		5B86AE7D25ED079500DCC5F5 /* GitRepoCellViewModel.swift */ = {isa = PBXFileReference; lastKnownFileType = sourcecode.swift; path = GitRepoCellViewModel.swift; sourceTree = "<group>"; };
		5B86AE8525ED167700DCC5F5 /* GitRepoViewModelDelegate.swift */ = {isa = PBXFileReference; lastKnownFileType = sourcecode.swift; path = GitRepoViewModelDelegate.swift; sourceTree = "<group>"; };
		5B86AEBD25ED485400DCC5F5 /* GitRepoRemoteListProvider.swift */ = {isa = PBXFileReference; lastKnownFileType = sourcecode.swift; path = GitRepoRemoteListProvider.swift; sourceTree = "<group>"; };
		5B86AF0E25ED8BE600DCC5F5 /* GitRepoRemoteListProviderTests.swift */ = {isa = PBXFileReference; lastKnownFileType = sourcecode.swift; path = GitRepoRemoteListProviderTests.swift; sourceTree = "<group>"; };
		5B86AF2625EE1B3D00DCC5F5 /* GitSearchReposCoordinator.swift */ = {isa = PBXFileReference; fileEncoding = 4; lastKnownFileType = sourcecode.swift; path = GitSearchReposCoordinator.swift; sourceTree = "<group>"; };
		5B86AF3925EE1B7B00DCC5F5 /* UITableView+Extension.swift */ = {isa = PBXFileReference; fileEncoding = 4; lastKnownFileType = sourcecode.swift; path = "UITableView+Extension.swift"; sourceTree = "<group>"; };
		5B86AF3A25EE1B7B00DCC5F5 /* UITableViewCell+Extension.swift */ = {isa = PBXFileReference; fileEncoding = 4; lastKnownFileType = sourcecode.swift; path = "UITableViewCell+Extension.swift"; sourceTree = "<group>"; };
		5B86AF3B25EE1B7B00DCC5F5 /* UITableViewHeaderFooterView+Extension.swift */ = {isa = PBXFileReference; fileEncoding = 4; lastKnownFileType = sourcecode.swift; path = "UITableViewHeaderFooterView+Extension.swift"; sourceTree = "<group>"; };
		5B86AF3C25EE1B7B00DCC5F5 /* Storyboard+Utility.swift */ = {isa = PBXFileReference; fileEncoding = 4; lastKnownFileType = sourcecode.swift; path = "Storyboard+Utility.swift"; sourceTree = "<group>"; };
		5B86AF4525EE1B8700DCC5F5 /* BaseCoordinator.swift */ = {isa = PBXFileReference; fileEncoding = 4; lastKnownFileType = sourcecode.swift; path = BaseCoordinator.swift; sourceTree = "<group>"; };
		5B86AF5025EE2C1200DCC5F5 /* GitRepoViewDelegate.swift */ = {isa = PBXFileReference; fileEncoding = 4; lastKnownFileType = sourcecode.swift; path = GitRepoViewDelegate.swift; sourceTree = "<group>"; };
		5B86AF5525EE2C1C00DCC5F5 /* GItRepoListHeaderView.swift */ = {isa = PBXFileReference; fileEncoding = 4; lastKnownFileType = sourcecode.swift; path = GItRepoListHeaderView.swift; sourceTree = "<group>"; };
		5B86AF5625EE2C1C00DCC5F5 /* GItRepoListHeaderView.xib */ = {isa = PBXFileReference; fileEncoding = 4; lastKnownFileType = file.xib; path = GItRepoListHeaderView.xib; sourceTree = "<group>"; };
		5B86AF5725EE2C1C00DCC5F5 /* GitRepoTableViewCell.swift */ = {isa = PBXFileReference; fileEncoding = 4; lastKnownFileType = sourcecode.swift; path = GitRepoTableViewCell.swift; sourceTree = "<group>"; };
		5B86AF7F25EE593F00DCC5F5 /* GitRepoDetailCoordinator.swift */ = {isa = PBXFileReference; lastKnownFileType = sourcecode.swift; path = GitRepoDetailCoordinator.swift; sourceTree = "<group>"; };
		5B86AF8725EE5B6500DCC5F5 /* GitRepoDetailViewController.swift */ = {isa = PBXFileReference; lastKnownFileType = sourcecode.swift; path = GitRepoDetailViewController.swift; sourceTree = "<group>"; };
		5B86AF8D25EE5DAB00DCC5F5 /* GitRepoDetailViewModel.swift */ = {isa = PBXFileReference; lastKnownFileType = sourcecode.swift; path = GitRepoDetailViewModel.swift; sourceTree = "<group>"; };
		5B86AFA425EE609000DCC5F5 /* GitRepoDetailModel.swift */ = {isa = PBXFileReference; fileEncoding = 4; lastKnownFileType = sourcecode.swift; path = GitRepoDetailModel.swift; sourceTree = "<group>"; };
		5B86AFA925EE7CE800DCC5F5 /* UIStackView+Extension.swift */ = {isa = PBXFileReference; lastKnownFileType = sourcecode.swift; path = "UIStackView+Extension.swift"; sourceTree = "<group>"; };
		5B86AFAE25EE8B2100DCC5F5 /* KeyValueDetailView.swift */ = {isa = PBXFileReference; lastKnownFileType = sourcecode.swift; path = KeyValueDetailView.swift; sourceTree = "<group>"; };
		5B86AFB325EE8B3200DCC5F5 /* KeyValueDetailView.xib */ = {isa = PBXFileReference; lastKnownFileType = file.xib; path = KeyValueDetailView.xib; sourceTree = "<group>"; };
		5B86AFD625EE99A600DCC5F5 /* KeyValueDetailModel.swift */ = {isa = PBXFileReference; fileEncoding = 4; lastKnownFileType = sourcecode.swift; path = KeyValueDetailModel.swift; sourceTree = "<group>"; };
		5B86AFDB25EEA9EC00DCC5F5 /* GitRepoDetailViewModelTests.swift */ = {isa = PBXFileReference; lastKnownFileType = sourcecode.swift; path = GitRepoDetailViewModelTests.swift; sourceTree = "<group>"; };
		5BF1553C25EA8DE3008EC837 /* GitExplorer.app */ = {isa = PBXFileReference; explicitFileType = wrapper.application; includeInIndex = 0; path = GitExplorer.app; sourceTree = BUILT_PRODUCTS_DIR; };
		5BF1553F25EA8DE3008EC837 /* AppDelegate.swift */ = {isa = PBXFileReference; lastKnownFileType = sourcecode.swift; path = AppDelegate.swift; sourceTree = "<group>"; };
		5BF1554125EA8DE3008EC837 /* SceneDelegate.swift */ = {isa = PBXFileReference; lastKnownFileType = sourcecode.swift; path = SceneDelegate.swift; sourceTree = "<group>"; };
		5BF1554325EA8DE3008EC837 /* ViewController.swift */ = {isa = PBXFileReference; lastKnownFileType = sourcecode.swift; path = ViewController.swift; sourceTree = "<group>"; };
		5BF1554625EA8DE3008EC837 /* Base */ = {isa = PBXFileReference; lastKnownFileType = file.storyboard; name = Base; path = Base.lproj/Main.storyboard; sourceTree = "<group>"; };
		5BF1554825EA8DE6008EC837 /* Assets.xcassets */ = {isa = PBXFileReference; lastKnownFileType = folder.assetcatalog; path = Assets.xcassets; sourceTree = "<group>"; };
		5BF1554B25EA8DE6008EC837 /* Base */ = {isa = PBXFileReference; lastKnownFileType = file.storyboard; name = Base; path = Base.lproj/LaunchScreen.storyboard; sourceTree = "<group>"; };
		5BF1554D25EA8DE6008EC837 /* Info.plist */ = {isa = PBXFileReference; lastKnownFileType = text.plist.xml; path = Info.plist; sourceTree = "<group>"; };
		5BF1555225EA8DE7008EC837 /* GitExplorerTests.xctest */ = {isa = PBXFileReference; explicitFileType = wrapper.cfbundle; includeInIndex = 0; path = GitExplorerTests.xctest; sourceTree = BUILT_PRODUCTS_DIR; };
		5BF1555825EA8DE7008EC837 /* Info.plist */ = {isa = PBXFileReference; lastKnownFileType = text.plist.xml; path = Info.plist; sourceTree = "<group>"; };
		5BF1555D25EA8DE8008EC837 /* GitExplorerUITests.xctest */ = {isa = PBXFileReference; explicitFileType = wrapper.cfbundle; includeInIndex = 0; path = GitExplorerUITests.xctest; sourceTree = BUILT_PRODUCTS_DIR; };
		5BF1556125EA8DE8008EC837 /* GitExplorerUITests.swift */ = {isa = PBXFileReference; lastKnownFileType = sourcecode.swift; path = GitExplorerUITests.swift; sourceTree = "<group>"; };
		5BF1556325EA8DE8008EC837 /* Info.plist */ = {isa = PBXFileReference; lastKnownFileType = text.plist.xml; path = Info.plist; sourceTree = "<group>"; };
		5BF1558025EAADBD008EC837 /* Localizable.strings */ = {isa = PBXFileReference; lastKnownFileType = text.plist.strings; path = Localizable.strings; sourceTree = "<group>"; };
		5BF155A025EACB46008EC837 /* .swiftlint.yml */ = {isa = PBXFileReference; lastKnownFileType = text.yaml; path = .swiftlint.yml; sourceTree = "<group>"; };
		5BF155A525EACDAC008EC837 /* ParamEncoding.swift */ = {isa = PBXFileReference; lastKnownFileType = sourcecode.swift; path = ParamEncoding.swift; sourceTree = "<group>"; };
		5BF155AA25EACF83008EC837 /* HttpMethod.swift */ = {isa = PBXFileReference; lastKnownFileType = sourcecode.swift; path = HttpMethod.swift; sourceTree = "<group>"; };
		5BF155AF25EB44A4008EC837 /* NetworkRequest.swift */ = {isa = PBXFileReference; lastKnownFileType = sourcecode.swift; path = NetworkRequest.swift; sourceTree = "<group>"; };
		5BF155B425EB5BB8008EC837 /* NetworkManager.swift */ = {isa = PBXFileReference; lastKnownFileType = sourcecode.swift; path = NetworkManager.swift; sourceTree = "<group>"; };
		5BF155B925EB610C008EC837 /* SessionHelper.swift */ = {isa = PBXFileReference; lastKnownFileType = sourcecode.swift; path = SessionHelper.swift; sourceTree = "<group>"; };
		5BF155BE25EC09AC008EC837 /* NetworkProvider.swift */ = {isa = PBXFileReference; lastKnownFileType = sourcecode.swift; path = NetworkProvider.swift; sourceTree = "<group>"; };
		5BF155E925EC2CA2008EC837 /* GitSearchWorkerProtocol.swift */ = {isa = PBXFileReference; lastKnownFileType = sourcecode.swift; path = GitSearchWorkerProtocol.swift; sourceTree = "<group>"; };
		5BF155F125EC2CB8008EC837 /* GitSearchWorker.swift */ = {isa = PBXFileReference; lastKnownFileType = sourcecode.swift; path = GitSearchWorker.swift; sourceTree = "<group>"; };
		5BF155FC25EC2CCE008EC837 /* GitSearchServiceHandler.swift */ = {isa = PBXFileReference; lastKnownFileType = sourcecode.swift; path = GitSearchServiceHandler.swift; sourceTree = "<group>"; };
		5BF1560125EC2D04008EC837 /* GitSearchTarget.swift */ = {isa = PBXFileReference; lastKnownFileType = sourcecode.swift; path = GitSearchTarget.swift; sourceTree = "<group>"; };
		5BF1560A25EC2D78008EC837 /* GitReposParameterModel.swift */ = {isa = PBXFileReference; lastKnownFileType = sourcecode.swift; path = GitReposParameterModel.swift; sourceTree = "<group>"; };
		5BF1561325EC2E57008EC837 /* Encodable+Extension.swift */ = {isa = PBXFileReference; lastKnownFileType = sourcecode.swift; path = "Encodable+Extension.swift"; sourceTree = "<group>"; };
		5BF1561925EC2F08008EC837 /* GitRepoListResponse.swift */ = {isa = PBXFileReference; lastKnownFileType = sourcecode.swift; path = GitRepoListResponse.swift; sourceTree = "<group>"; };
		5BF1562A25EC3D18008EC837 /* MockNetworkManager.swift */ = {isa = PBXFileReference; lastKnownFileType = sourcecode.swift; path = MockNetworkManager.swift; sourceTree = "<group>"; };
		5BF1563225EC3FC0008EC837 /* FileUtility.swift */ = {isa = PBXFileReference; lastKnownFileType = sourcecode.swift; path = FileUtility.swift; sourceTree = "<group>"; };
		5BF1563D25EC4BDB008EC837 /* GitSearchServiceHandlerTests.swift */ = {isa = PBXFileReference; lastKnownFileType = sourcecode.swift; path = GitSearchServiceHandlerTests.swift; sourceTree = "<group>"; };
		5BF1564625EC4CAE008EC837 /* SearchReposResponse.json */ = {isa = PBXFileReference; lastKnownFileType = text.json; path = SearchReposResponse.json; sourceTree = "<group>"; };
		5BF1566B25EC57C6008EC837 /* GitSearchReposViewModel.swift */ = {isa = PBXFileReference; lastKnownFileType = sourcecode.swift; path = GitSearchReposViewModel.swift; sourceTree = "<group>"; };
		5D90383D8F5A31EACED47B18 /* Pods-GitExplorerTests.release.xcconfig */ = {isa = PBXFileReference; includeInIndex = 1; lastKnownFileType = text.xcconfig; name = "Pods-GitExplorerTests.release.xcconfig"; path = "Target Support Files/Pods-GitExplorerTests/Pods-GitExplorerTests.release.xcconfig"; sourceTree = "<group>"; };
		6DB88C12C110C302707E2716 /* Pods-GitExplorer-GitExplorerUITests.release.xcconfig */ = {isa = PBXFileReference; includeInIndex = 1; lastKnownFileType = text.xcconfig; name = "Pods-GitExplorer-GitExplorerUITests.release.xcconfig"; path = "Target Support Files/Pods-GitExplorer-GitExplorerUITests/Pods-GitExplorer-GitExplorerUITests.release.xcconfig"; sourceTree = "<group>"; };
		786A680A89E8B400676896B1 /* Pods-GitExplorer-GitExplorerUITests.debug.xcconfig */ = {isa = PBXFileReference; includeInIndex = 1; lastKnownFileType = text.xcconfig; name = "Pods-GitExplorer-GitExplorerUITests.debug.xcconfig"; path = "Target Support Files/Pods-GitExplorer-GitExplorerUITests/Pods-GitExplorer-GitExplorerUITests.debug.xcconfig"; sourceTree = "<group>"; };
		80CE45EB0EC67D293F230058 /* Pods-GitExplorer.release.xcconfig */ = {isa = PBXFileReference; includeInIndex = 1; lastKnownFileType = text.xcconfig; name = "Pods-GitExplorer.release.xcconfig"; path = "Target Support Files/Pods-GitExplorer/Pods-GitExplorer.release.xcconfig"; sourceTree = "<group>"; };
		C9FB91F517DBECEEECA7AD5C /* Pods_GitExplorerTests.framework */ = {isa = PBXFileReference; explicitFileType = wrapper.framework; includeInIndex = 0; path = Pods_GitExplorerTests.framework; sourceTree = BUILT_PRODUCTS_DIR; };
		E1A3AA07BA06A80055D22B96 /* Pods_GitExplorer.framework */ = {isa = PBXFileReference; explicitFileType = wrapper.framework; includeInIndex = 0; path = Pods_GitExplorer.framework; sourceTree = BUILT_PRODUCTS_DIR; };
		F7721E541B1CB7F126A652C1 /* Pods-GitExplorerTests.debug.xcconfig */ = {isa = PBXFileReference; includeInIndex = 1; lastKnownFileType = text.xcconfig; name = "Pods-GitExplorerTests.debug.xcconfig"; path = "Target Support Files/Pods-GitExplorerTests/Pods-GitExplorerTests.debug.xcconfig"; sourceTree = "<group>"; };
/* End PBXFileReference section */

/* Begin PBXFrameworksBuildPhase section */
		5BF1553925EA8DE3008EC837 /* Frameworks */ = {
			isa = PBXFrameworksBuildPhase;
			buildActionMask = 2147483647;
			files = (
				FFFA20CFA97EA84811AF90E7 /* Pods_GitExplorer.framework in Frameworks */,
			);
			runOnlyForDeploymentPostprocessing = 0;
		};
		5BF1554F25EA8DE7008EC837 /* Frameworks */ = {
			isa = PBXFrameworksBuildPhase;
			buildActionMask = 2147483647;
			files = (
				CFF97591B0272665A6D9EA52 /* Pods_GitExplorerTests.framework in Frameworks */,
			);
			runOnlyForDeploymentPostprocessing = 0;
		};
		5BF1555A25EA8DE7008EC837 /* Frameworks */ = {
			isa = PBXFrameworksBuildPhase;
			buildActionMask = 2147483647;
			files = (
				27B5CB2E4EC062CAB1807DE1 /* Pods_GitExplorer_GitExplorerUITests.framework in Frameworks */,
			);
			runOnlyForDeploymentPostprocessing = 0;
		};
/* End PBXFrameworksBuildPhase section */

/* Begin PBXGroup section */
		5B86AF2525EE1B3D00DCC5F5 /* Coordinator */ = {
			isa = PBXGroup;
			children = (
				5B86AF2625EE1B3D00DCC5F5 /* GitSearchReposCoordinator.swift */,
			);
			path = Coordinator;
			sourceTree = "<group>";
		};
		5B86AF4425EE1B8700DCC5F5 /* BaseCoordinator */ = {
			isa = PBXGroup;
			children = (
				5B86AF4525EE1B8700DCC5F5 /* BaseCoordinator.swift */,
			);
			path = BaseCoordinator;
			sourceTree = "<group>";
		};
		5B86AF7525EE432C00DCC5F5 /* RepositoryDetail */ = {
			isa = PBXGroup;
			children = (
				5B86AFBD25EE981F00DCC5F5 /* Model */,
				5B86AF8C25EE5D9000DCC5F5 /* ViewModel */,
				5B86AF7E25EE592900DCC5F5 /* Coordinator */,
				5B86AF7825EE47AB00DCC5F5 /* ViewController */,
				5B86AF7725EE479E00DCC5F5 /* Views */,
			);
			path = RepositoryDetail;
			sourceTree = "<group>";
		};
		5B86AF7725EE479E00DCC5F5 /* Views */ = {
			isa = PBXGroup;
			children = (
				5B86AFA425EE609000DCC5F5 /* GitRepoDetailModel.swift */,
				5B86AFAE25EE8B2100DCC5F5 /* KeyValueDetailView.swift */,
				5B86AFB325EE8B3200DCC5F5 /* KeyValueDetailView.xib */,
			);
			path = Views;
			sourceTree = "<group>";
		};
		5B86AF7825EE47AB00DCC5F5 /* ViewController */ = {
			isa = PBXGroup;
			children = (
				5B86AF8725EE5B6500DCC5F5 /* GitRepoDetailViewController.swift */,
			);
			path = ViewController;
			sourceTree = "<group>";
		};
		5B86AF7E25EE592900DCC5F5 /* Coordinator */ = {
			isa = PBXGroup;
			children = (
				5B86AF7F25EE593F00DCC5F5 /* GitRepoDetailCoordinator.swift */,
			);
			path = Coordinator;
			sourceTree = "<group>";
		};
		5B86AF8C25EE5D9000DCC5F5 /* ViewModel */ = {
			isa = PBXGroup;
			children = (
				5B86AF8D25EE5DAB00DCC5F5 /* GitRepoDetailViewModel.swift */,
			);
			path = ViewModel;
			sourceTree = "<group>";
		};
		5B86AFBD25EE981F00DCC5F5 /* Model */ = {
			isa = PBXGroup;
			children = (
				5B86AFD625EE99A600DCC5F5 /* KeyValueDetailModel.swift */,
			);
			path = Model;
			sourceTree = "<group>";
		};
		5BF1553325EA8DE3008EC837 = {
			isa = PBXGroup;
			children = (
				5BF155A025EACB46008EC837 /* .swiftlint.yml */,
				5BF1553E25EA8DE3008EC837 /* GitExplorer */,
				5BF1555525EA8DE7008EC837 /* GitExplorerTests */,
				5BF1556025EA8DE8008EC837 /* GitExplorerUITests */,
				5BF1553D25EA8DE3008EC837 /* Products */,
				698C09BD40202EC4F93D46B8 /* Pods */,
				88B091F4CAA912F69ED3D942 /* Frameworks */,
			);
			sourceTree = "<group>";
		};
		5BF1553D25EA8DE3008EC837 /* Products */ = {
			isa = PBXGroup;
			children = (
				5BF1553C25EA8DE3008EC837 /* GitExplorer.app */,
				5BF1555225EA8DE7008EC837 /* GitExplorerTests.xctest */,
				5BF1555D25EA8DE8008EC837 /* GitExplorerUITests.xctest */,
			);
			name = Products;
			sourceTree = "<group>";
		};
		5BF1553E25EA8DE3008EC837 /* GitExplorer */ = {
			isa = PBXGroup;
			children = (
				5B86AF4425EE1B8700DCC5F5 /* BaseCoordinator */,
				5BF1561225EC2E41008EC837 /* Utility */,
				5BF1559425EAC52F008EC837 /* NetworkManager */,
				5BF1557F25EAAD9B008EC837 /* Localizable */,
				5BF1553F25EA8DE3008EC837 /* AppDelegate.swift */,
				5BF1554125EA8DE3008EC837 /* SceneDelegate.swift */,
				5BF1557E25EAAD65008EC837 /* Scenes */,
				5BF1557D25EAAD2D008EC837 /* Resources */,
				5BF1554D25EA8DE6008EC837 /* Info.plist */,
			);
			path = GitExplorer;
			sourceTree = "<group>";
		};
		5BF1555525EA8DE7008EC837 /* GitExplorerTests */ = {
			isa = PBXGroup;
			children = (
				5BF1563725EC44AA008EC837 /* Scenes */,
				5BF1562925EC3CD7008EC837 /* NetworkManager */,
				5BF1555825EA8DE7008EC837 /* Info.plist */,
			);
			path = GitExplorerTests;
			sourceTree = "<group>";
		};
		5BF1556025EA8DE8008EC837 /* GitExplorerUITests */ = {
			isa = PBXGroup;
			children = (
				5BF1556125EA8DE8008EC837 /* GitExplorerUITests.swift */,
				5BF1556325EA8DE8008EC837 /* Info.plist */,
			);
			path = GitExplorerUITests;
			sourceTree = "<group>";
		};
		5BF1557D25EAAD2D008EC837 /* Resources */ = {
			isa = PBXGroup;
			children = (
				5BF1554825EA8DE6008EC837 /* Assets.xcassets */,
				5BF1554A25EA8DE6008EC837 /* LaunchScreen.storyboard */,
			);
			path = Resources;
			sourceTree = "<group>";
		};
		5BF1557E25EAAD65008EC837 /* Scenes */ = {
			isa = PBXGroup;
			children = (
				5BF155E125EC2A9F008EC837 /* Repositories */,
			);
			path = Scenes;
			sourceTree = "<group>";
		};
		5BF1557F25EAAD9B008EC837 /* Localizable */ = {
			isa = PBXGroup;
			children = (
				5BF1558025EAADBD008EC837 /* Localizable.strings */,
			);
			path = Localizable;
			sourceTree = "<group>";
		};
		5BF1559425EAC52F008EC837 /* NetworkManager */ = {
			isa = PBXGroup;
			children = (
				5BF155A425EACD72008EC837 /* NetworkRequest */,
				5BF155B425EB5BB8008EC837 /* NetworkManager.swift */,
				5BF155B925EB610C008EC837 /* SessionHelper.swift */,
				5BF155BE25EC09AC008EC837 /* NetworkProvider.swift */,
			);
			path = NetworkManager;
			sourceTree = "<group>";
		};
		5BF155A425EACD72008EC837 /* NetworkRequest */ = {
			isa = PBXGroup;
			children = (
				5BF155A525EACDAC008EC837 /* ParamEncoding.swift */,
				5BF155AA25EACF83008EC837 /* HttpMethod.swift */,
				5BF155AF25EB44A4008EC837 /* NetworkRequest.swift */,
			);
			path = NetworkRequest;
			sourceTree = "<group>";
		};
		5BF155E125EC2A9F008EC837 /* Repositories */ = {
			isa = PBXGroup;
			children = (
				5B86AF7525EE432C00DCC5F5 /* RepositoryDetail */,
				5BF155E625EC2AF2008EC837 /* Worker */,
				5BF155E525EC2ADD008EC837 /* Storyboard */,
				5BF155E225EC2AAA008EC837 /* SearchRepositories */,
			);
			path = Repositories;
			sourceTree = "<group>";
		};
		5BF155E225EC2AAA008EC837 /* SearchRepositories */ = {
			isa = PBXGroup;
			children = (
				5B86AF2525EE1B3D00DCC5F5 /* Coordinator */,
				5BF1561825EC2EEA008EC837 /* Model */,
				5BF155E725EC2AF9008EC837 /* ViewModel */,
				5BF155E425EC2ACB008EC837 /* ViewController */,
				5BF155E325EC2AB9008EC837 /* Views */,
			);
			path = SearchRepositories;
			sourceTree = "<group>";
		};
		5BF155E325EC2AB9008EC837 /* Views */ = {
			isa = PBXGroup;
			children = (
				5B86AF5525EE2C1C00DCC5F5 /* GItRepoListHeaderView.swift */,
				5B86AF5625EE2C1C00DCC5F5 /* GItRepoListHeaderView.xib */,
				5B86AF5725EE2C1C00DCC5F5 /* GitRepoTableViewCell.swift */,
			);
			path = Views;
			sourceTree = "<group>";
		};
		5BF155E425EC2ACB008EC837 /* ViewController */ = {
			isa = PBXGroup;
			children = (
				5B86AF5025EE2C1200DCC5F5 /* GitRepoViewDelegate.swift */,
				5BF1554325EA8DE3008EC837 /* ViewController.swift */,
			);
			path = ViewController;
			sourceTree = "<group>";
		};
		5BF155E525EC2ADD008EC837 /* Storyboard */ = {
			isa = PBXGroup;
			children = (
				5BF1554525EA8DE3008EC837 /* Main.storyboard */,
			);
			path = Storyboard;
			sourceTree = "<group>";
		};
		5BF155E625EC2AF2008EC837 /* Worker */ = {
			isa = PBXGroup;
			children = (
				5BF155E925EC2CA2008EC837 /* GitSearchWorkerProtocol.swift */,
				5BF155F125EC2CB8008EC837 /* GitSearchWorker.swift */,
				5BF155E825EC2B4E008EC837 /* Services */,
			);
			path = Worker;
			sourceTree = "<group>";
		};
		5BF155E725EC2AF9008EC837 /* ViewModel */ = {
			isa = PBXGroup;
			children = (
				5BF1566B25EC57C6008EC837 /* GitSearchReposViewModel.swift */,
				5B86AE7825ECFCE300DCC5F5 /* GitRepoProviderProtocol.swift */,
				5B86AE8525ED167700DCC5F5 /* GitRepoViewModelDelegate.swift */,
				5B86AEBD25ED485400DCC5F5 /* GitRepoRemoteListProvider.swift */,
			);
			path = ViewModel;
			sourceTree = "<group>";
		};
		5BF155E825EC2B4E008EC837 /* Services */ = {
			isa = PBXGroup;
			children = (
				5BF155FC25EC2CCE008EC837 /* GitSearchServiceHandler.swift */,
				5BF1560125EC2D04008EC837 /* GitSearchTarget.swift */,
			);
			path = Services;
			sourceTree = "<group>";
		};
		5BF1561225EC2E41008EC837 /* Utility */ = {
			isa = PBXGroup;
			children = (
				5B86AF3C25EE1B7B00DCC5F5 /* Storyboard+Utility.swift */,
				5B86AF3925EE1B7B00DCC5F5 /* UITableView+Extension.swift */,
				5B86AF3A25EE1B7B00DCC5F5 /* UITableViewCell+Extension.swift */,
				5B86AF3B25EE1B7B00DCC5F5 /* UITableViewHeaderFooterView+Extension.swift */,
				5BF1561325EC2E57008EC837 /* Encodable+Extension.swift */,
				5BF1563225EC3FC0008EC837 /* FileUtility.swift */,
				5B86AFA925EE7CE800DCC5F5 /* UIStackView+Extension.swift */,
			);
			path = Utility;
			sourceTree = "<group>";
		};
		5BF1561825EC2EEA008EC837 /* Model */ = {
			isa = PBXGroup;
			children = (
				5B86AE7D25ED079500DCC5F5 /* GitRepoCellViewModel.swift */,
				5BF1560A25EC2D78008EC837 /* GitReposParameterModel.swift */,
				5BF1561925EC2F08008EC837 /* GitRepoListResponse.swift */,
			);
			path = Model;
			sourceTree = "<group>";
		};
		5BF1562925EC3CD7008EC837 /* NetworkManager */ = {
			isa = PBXGroup;
			children = (
				5BF1562A25EC3D18008EC837 /* MockNetworkManager.swift */,
			);
			path = NetworkManager;
			sourceTree = "<group>";
		};
		5BF1563725EC44AA008EC837 /* Scenes */ = {
			isa = PBXGroup;
			children = (
				5BF1563825EC44B3008EC837 /* Repositories */,
			);
			path = Scenes;
			sourceTree = "<group>";
		};
		5BF1563825EC44B3008EC837 /* Repositories */ = {
			isa = PBXGroup;
			children = (
				5BF1563C25EC4B94008EC837 /* SearchRepositories */,
			);
			path = Repositories;
			sourceTree = "<group>";
		};
		5BF1563C25EC4B94008EC837 /* SearchRepositories */ = {
			isa = PBXGroup;
			children = (
				5BF1564525EC4C79008EC837 /* ResponseFiles */,
				5BF1563D25EC4BDB008EC837 /* GitSearchServiceHandlerTests.swift */,
				5B86AE7325ECDB5500DCC5F5 /* GitSearchReposViewModelTests.swift */,
				5B86AF0E25ED8BE600DCC5F5 /* GitRepoRemoteListProviderTests.swift */,
				5B86AFDB25EEA9EC00DCC5F5 /* GitRepoDetailViewModelTests.swift */,
			);
			path = SearchRepositories;
			sourceTree = "<group>";
		};
		5BF1564525EC4C79008EC837 /* ResponseFiles */ = {
			isa = PBXGroup;
			children = (
				5BF1564625EC4CAE008EC837 /* SearchReposResponse.json */,
			);
			path = ResponseFiles;
			sourceTree = "<group>";
		};
		698C09BD40202EC4F93D46B8 /* Pods */ = {
			isa = PBXGroup;
			children = (
				00A6171106EF0D661171D0EB /* Pods-GitExplorer.debug.xcconfig */,
				80CE45EB0EC67D293F230058 /* Pods-GitExplorer.release.xcconfig */,
				786A680A89E8B400676896B1 /* Pods-GitExplorer-GitExplorerUITests.debug.xcconfig */,
				6DB88C12C110C302707E2716 /* Pods-GitExplorer-GitExplorerUITests.release.xcconfig */,
				F7721E541B1CB7F126A652C1 /* Pods-GitExplorerTests.debug.xcconfig */,
				5D90383D8F5A31EACED47B18 /* Pods-GitExplorerTests.release.xcconfig */,
			);
			path = Pods;
			sourceTree = "<group>";
		};
		88B091F4CAA912F69ED3D942 /* Frameworks */ = {
			isa = PBXGroup;
			children = (
				E1A3AA07BA06A80055D22B96 /* Pods_GitExplorer.framework */,
				21388CC3D05469BA799B5689 /* Pods_GitExplorer_GitExplorerUITests.framework */,
				C9FB91F517DBECEEECA7AD5C /* Pods_GitExplorerTests.framework */,
			);
			name = Frameworks;
			sourceTree = "<group>";
		};
/* End PBXGroup section */

/* Begin PBXNativeTarget section */
		5BF1553B25EA8DE3008EC837 /* GitExplorer */ = {
			isa = PBXNativeTarget;
			buildConfigurationList = 5BF1556625EA8DE8008EC837 /* Build configuration list for PBXNativeTarget "GitExplorer" */;
			buildPhases = (
				33415201C466C6E05BA462A8 /* [CP] Check Pods Manifest.lock */,
				5BF1553825EA8DE3008EC837 /* Sources */,
				5BF1553925EA8DE3008EC837 /* Frameworks */,
				5BF1553A25EA8DE3008EC837 /* Resources */,
				5BF1557925EAAB2E008EC837 /* ShellScript */,
				4ED19FA212C4E0C69B340C96 /* [CP] Embed Pods Frameworks */,
			);
			buildRules = (
			);
			dependencies = (
			);
			name = GitExplorer;
			productName = GitExplorer;
			productReference = 5BF1553C25EA8DE3008EC837 /* GitExplorer.app */;
			productType = "com.apple.product-type.application";
		};
		5BF1555125EA8DE7008EC837 /* GitExplorerTests */ = {
			isa = PBXNativeTarget;
			buildConfigurationList = 5BF1556925EA8DE8008EC837 /* Build configuration list for PBXNativeTarget "GitExplorerTests" */;
			buildPhases = (
				9DDE24BF20F464AF7FD31A7C /* [CP] Check Pods Manifest.lock */,
				5BF1554E25EA8DE7008EC837 /* Sources */,
				5BF1554F25EA8DE7008EC837 /* Frameworks */,
				5BF1555025EA8DE7008EC837 /* Resources */,
			);
			buildRules = (
			);
			dependencies = (
				5BF1555425EA8DE7008EC837 /* PBXTargetDependency */,
			);
			name = GitExplorerTests;
			productName = GitExplorerTests;
			productReference = 5BF1555225EA8DE7008EC837 /* GitExplorerTests.xctest */;
			productType = "com.apple.product-type.bundle.unit-test";
		};
		5BF1555C25EA8DE7008EC837 /* GitExplorerUITests */ = {
			isa = PBXNativeTarget;
			buildConfigurationList = 5BF1556C25EA8DE8008EC837 /* Build configuration list for PBXNativeTarget "GitExplorerUITests" */;
			buildPhases = (
				AA786752D54921A015CD6406 /* [CP] Check Pods Manifest.lock */,
				5BF1555925EA8DE7008EC837 /* Sources */,
				5BF1555A25EA8DE7008EC837 /* Frameworks */,
				5BF1555B25EA8DE7008EC837 /* Resources */,
				289FF2884EC9CAEE79A6F0D0 /* [CP] Embed Pods Frameworks */,
			);
			buildRules = (
			);
			dependencies = (
				5BF1555F25EA8DE8008EC837 /* PBXTargetDependency */,
			);
			name = GitExplorerUITests;
			productName = GitExplorerUITests;
			productReference = 5BF1555D25EA8DE8008EC837 /* GitExplorerUITests.xctest */;
			productType = "com.apple.product-type.bundle.ui-testing";
		};
/* End PBXNativeTarget section */

/* Begin PBXProject section */
		5BF1553425EA8DE3008EC837 /* Project object */ = {
			isa = PBXProject;
			attributes = {
				LastSwiftUpdateCheck = 1240;
				LastUpgradeCheck = 1240;
				TargetAttributes = {
					5BF1553B25EA8DE3008EC837 = {
						CreatedOnToolsVersion = 12.4;
					};
					5BF1555125EA8DE7008EC837 = {
						CreatedOnToolsVersion = 12.4;
						TestTargetID = 5BF1553B25EA8DE3008EC837;
					};
					5BF1555C25EA8DE7008EC837 = {
						CreatedOnToolsVersion = 12.4;
						TestTargetID = 5BF1553B25EA8DE3008EC837;
					};
				};
			};
			buildConfigurationList = 5BF1553725EA8DE3008EC837 /* Build configuration list for PBXProject "GitExplorer" */;
			compatibilityVersion = "Xcode 9.3";
			developmentRegion = en;
			hasScannedForEncodings = 0;
			knownRegions = (
				en,
				Base,
			);
			mainGroup = 5BF1553325EA8DE3008EC837;
			productRefGroup = 5BF1553D25EA8DE3008EC837 /* Products */;
			projectDirPath = "";
			projectRoot = "";
			targets = (
				5BF1553B25EA8DE3008EC837 /* GitExplorer */,
				5BF1555125EA8DE7008EC837 /* GitExplorerTests */,
				5BF1555C25EA8DE7008EC837 /* GitExplorerUITests */,
			);
		};
/* End PBXProject section */

/* Begin PBXResourcesBuildPhase section */
		5BF1553A25EA8DE3008EC837 /* Resources */ = {
			isa = PBXResourcesBuildPhase;
			buildActionMask = 2147483647;
			files = (
				5BF1554C25EA8DE6008EC837 /* LaunchScreen.storyboard in Resources */,
				5B86AF5925EE2C1C00DCC5F5 /* GItRepoListHeaderView.xib in Resources */,
				5BF1558125EAADBD008EC837 /* Localizable.strings in Resources */,
				5BF1554925EA8DE6008EC837 /* Assets.xcassets in Resources */,
				5BF1554725EA8DE3008EC837 /* Main.storyboard in Resources */,
				5B86AFB425EE8B3200DCC5F5 /* KeyValueDetailView.xib in Resources */,
			);
			runOnlyForDeploymentPostprocessing = 0;
		};
		5BF1555025EA8DE7008EC837 /* Resources */ = {
			isa = PBXResourcesBuildPhase;
			buildActionMask = 2147483647;
			files = (
				5BF1564725EC4CAE008EC837 /* SearchReposResponse.json in Resources */,
			);
			runOnlyForDeploymentPostprocessing = 0;
		};
		5BF1555B25EA8DE7008EC837 /* Resources */ = {
			isa = PBXResourcesBuildPhase;
			buildActionMask = 2147483647;
			files = (
			);
			runOnlyForDeploymentPostprocessing = 0;
		};
/* End PBXResourcesBuildPhase section */

/* Begin PBXShellScriptBuildPhase section */
		289FF2884EC9CAEE79A6F0D0 /* [CP] Embed Pods Frameworks */ = {
			isa = PBXShellScriptBuildPhase;
			buildActionMask = 2147483647;
			files = (
			);
			inputFileListPaths = (
				"${PODS_ROOT}/Target Support Files/Pods-GitExplorer-GitExplorerUITests/Pods-GitExplorer-GitExplorerUITests-frameworks-${CONFIGURATION}-input-files.xcfilelist",
			);
			name = "[CP] Embed Pods Frameworks";
			outputFileListPaths = (
				"${PODS_ROOT}/Target Support Files/Pods-GitExplorer-GitExplorerUITests/Pods-GitExplorer-GitExplorerUITests-frameworks-${CONFIGURATION}-output-files.xcfilelist",
			);
			runOnlyForDeploymentPostprocessing = 0;
			shellPath = /bin/sh;
			shellScript = "\"${PODS_ROOT}/Target Support Files/Pods-GitExplorer-GitExplorerUITests/Pods-GitExplorer-GitExplorerUITests-frameworks.sh\"\n";
			showEnvVarsInLog = 0;
		};
		33415201C466C6E05BA462A8 /* [CP] Check Pods Manifest.lock */ = {
			isa = PBXShellScriptBuildPhase;
			buildActionMask = 2147483647;
			files = (
			);
			inputFileListPaths = (
			);
			inputPaths = (
				"${PODS_PODFILE_DIR_PATH}/Podfile.lock",
				"${PODS_ROOT}/Manifest.lock",
			);
			name = "[CP] Check Pods Manifest.lock";
			outputFileListPaths = (
			);
			outputPaths = (
				"$(DERIVED_FILE_DIR)/Pods-GitExplorer-checkManifestLockResult.txt",
			);
			runOnlyForDeploymentPostprocessing = 0;
			shellPath = /bin/sh;
			shellScript = "diff \"${PODS_PODFILE_DIR_PATH}/Podfile.lock\" \"${PODS_ROOT}/Manifest.lock\" > /dev/null\nif [ $? != 0 ] ; then\n    # print error to STDERR\n    echo \"error: The sandbox is not in sync with the Podfile.lock. Run 'pod install' or update your CocoaPods installation.\" >&2\n    exit 1\nfi\n# This output is used by Xcode 'outputs' to avoid re-running this script phase.\necho \"SUCCESS\" > \"${SCRIPT_OUTPUT_FILE_0}\"\n";
			showEnvVarsInLog = 0;
		};
		4ED19FA212C4E0C69B340C96 /* [CP] Embed Pods Frameworks */ = {
			isa = PBXShellScriptBuildPhase;
			buildActionMask = 2147483647;
			files = (
			);
			inputFileListPaths = (
				"${PODS_ROOT}/Target Support Files/Pods-GitExplorer/Pods-GitExplorer-frameworks-${CONFIGURATION}-input-files.xcfilelist",
			);
			name = "[CP] Embed Pods Frameworks";
			outputFileListPaths = (
				"${PODS_ROOT}/Target Support Files/Pods-GitExplorer/Pods-GitExplorer-frameworks-${CONFIGURATION}-output-files.xcfilelist",
			);
			runOnlyForDeploymentPostprocessing = 0;
			shellPath = /bin/sh;
			shellScript = "\"${PODS_ROOT}/Target Support Files/Pods-GitExplorer/Pods-GitExplorer-frameworks.sh\"\n";
			showEnvVarsInLog = 0;
		};
		5BF1557925EAAB2E008EC837 /* ShellScript */ = {
			isa = PBXShellScriptBuildPhase;
			buildActionMask = 12;
			files = (
			);
			inputFileListPaths = (
			);
			inputPaths = (
			);
			outputFileListPaths = (
			);
			outputPaths = (
			);
			runOnlyForDeploymentPostprocessing = 0;
			shellPath = /bin/sh;
			shellScript = "${PODS_ROOT}/SwiftLint/swiftlint\n";
		};
		9DDE24BF20F464AF7FD31A7C /* [CP] Check Pods Manifest.lock */ = {
			isa = PBXShellScriptBuildPhase;
			buildActionMask = 2147483647;
			files = (
			);
			inputFileListPaths = (
			);
			inputPaths = (
				"${PODS_PODFILE_DIR_PATH}/Podfile.lock",
				"${PODS_ROOT}/Manifest.lock",
			);
			name = "[CP] Check Pods Manifest.lock";
			outputFileListPaths = (
			);
			outputPaths = (
				"$(DERIVED_FILE_DIR)/Pods-GitExplorerTests-checkManifestLockResult.txt",
			);
			runOnlyForDeploymentPostprocessing = 0;
			shellPath = /bin/sh;
			shellScript = "diff \"${PODS_PODFILE_DIR_PATH}/Podfile.lock\" \"${PODS_ROOT}/Manifest.lock\" > /dev/null\nif [ $? != 0 ] ; then\n    # print error to STDERR\n    echo \"error: The sandbox is not in sync with the Podfile.lock. Run 'pod install' or update your CocoaPods installation.\" >&2\n    exit 1\nfi\n# This output is used by Xcode 'outputs' to avoid re-running this script phase.\necho \"SUCCESS\" > \"${SCRIPT_OUTPUT_FILE_0}\"\n";
			showEnvVarsInLog = 0;
		};
		AA786752D54921A015CD6406 /* [CP] Check Pods Manifest.lock */ = {
			isa = PBXShellScriptBuildPhase;
			buildActionMask = 2147483647;
			files = (
			);
			inputFileListPaths = (
			);
			inputPaths = (
				"${PODS_PODFILE_DIR_PATH}/Podfile.lock",
				"${PODS_ROOT}/Manifest.lock",
			);
			name = "[CP] Check Pods Manifest.lock";
			outputFileListPaths = (
			);
			outputPaths = (
				"$(DERIVED_FILE_DIR)/Pods-GitExplorer-GitExplorerUITests-checkManifestLockResult.txt",
			);
			runOnlyForDeploymentPostprocessing = 0;
			shellPath = /bin/sh;
			shellScript = "diff \"${PODS_PODFILE_DIR_PATH}/Podfile.lock\" \"${PODS_ROOT}/Manifest.lock\" > /dev/null\nif [ $? != 0 ] ; then\n    # print error to STDERR\n    echo \"error: The sandbox is not in sync with the Podfile.lock. Run 'pod install' or update your CocoaPods installation.\" >&2\n    exit 1\nfi\n# This output is used by Xcode 'outputs' to avoid re-running this script phase.\necho \"SUCCESS\" > \"${SCRIPT_OUTPUT_FILE_0}\"\n";
			showEnvVarsInLog = 0;
		};
/* End PBXShellScriptBuildPhase section */

/* Begin PBXSourcesBuildPhase section */
		5BF1553825EA8DE3008EC837 /* Sources */ = {
			isa = PBXSourcesBuildPhase;
			buildActionMask = 2147483647;
			files = (
				5BF155FD25EC2CCE008EC837 /* GitSearchServiceHandler.swift in Sources */,
				5BF1554425EA8DE3008EC837 /* ViewController.swift in Sources */,
				5B86AFAF25EE8B2100DCC5F5 /* KeyValueDetailView.swift in Sources */,
				5BF1554025EA8DE3008EC837 /* AppDelegate.swift in Sources */,
				5B86AF5125EE2C1200DCC5F5 /* GitRepoViewDelegate.swift in Sources */,
				5BF155BF25EC09AC008EC837 /* NetworkProvider.swift in Sources */,
				5B86AFD725EE99A600DCC5F5 /* KeyValueDetailModel.swift in Sources */,
				5B86AFAA25EE7CE800DCC5F5 /* UIStackView+Extension.swift in Sources */,
				5B86AF8025EE593F00DCC5F5 /* GitRepoDetailCoordinator.swift in Sources */,
				5B86AF3E25EE1B7B00DCC5F5 /* UITableViewCell+Extension.swift in Sources */,
				5B86AF2725EE1B3D00DCC5F5 /* GitSearchReposCoordinator.swift in Sources */,
				5B86AF8E25EE5DAB00DCC5F5 /* GitRepoDetailViewModel.swift in Sources */,
				5B86AF4025EE1B7B00DCC5F5 /* Storyboard+Utility.swift in Sources */,
				5BF155BA25EB610C008EC837 /* SessionHelper.swift in Sources */,
				5BF1566C25EC57C6008EC837 /* GitSearchReposViewModel.swift in Sources */,
				5B86AFA525EE609000DCC5F5 /* GitRepoDetailModel.swift in Sources */,
				5BF155AB25EACF83008EC837 /* HttpMethod.swift in Sources */,
				5B86AF3D25EE1B7B00DCC5F5 /* UITableView+Extension.swift in Sources */,
				5BF155B525EB5BB8008EC837 /* NetworkManager.swift in Sources */,
				5BF155A625EACDAC008EC837 /* ParamEncoding.swift in Sources */,
				5B86AF5825EE2C1C00DCC5F5 /* GItRepoListHeaderView.swift in Sources */,
				5B86AE7E25ED079500DCC5F5 /* GitRepoCellViewModel.swift in Sources */,
				5B86AE8625ED167700DCC5F5 /* GitRepoViewModelDelegate.swift in Sources */,
				5B86AF4625EE1B8700DCC5F5 /* BaseCoordinator.swift in Sources */,
				5BF1561425EC2E57008EC837 /* Encodable+Extension.swift in Sources */,
				5BF1561A25EC2F08008EC837 /* GitRepoListResponse.swift in Sources */,
				5BF1560B25EC2D78008EC837 /* GitReposParameterModel.swift in Sources */,
				5BF155B025EB44A4008EC837 /* NetworkRequest.swift in Sources */,
				5BF1554225EA8DE3008EC837 /* SceneDelegate.swift in Sources */,
				5B86AF5A25EE2C1C00DCC5F5 /* GitRepoTableViewCell.swift in Sources */,
				5B86AF3F25EE1B7B00DCC5F5 /* UITableViewHeaderFooterView+Extension.swift in Sources */,
				5BF1563325EC3FC0008EC837 /* FileUtility.swift in Sources */,
				5BF155EA25EC2CA2008EC837 /* GitSearchWorkerProtocol.swift in Sources */,
				5B86AE7925ECFCE300DCC5F5 /* GitRepoProviderProtocol.swift in Sources */,
				5BF1560225EC2D04008EC837 /* GitSearchTarget.swift in Sources */,
				5BF155F225EC2CB8008EC837 /* GitSearchWorker.swift in Sources */,
				5B86AF8825EE5B6500DCC5F5 /* GitRepoDetailViewController.swift in Sources */,
				5B86AEBE25ED485400DCC5F5 /* GitRepoRemoteListProvider.swift in Sources */,
			);
			runOnlyForDeploymentPostprocessing = 0;
		};
		5BF1554E25EA8DE7008EC837 /* Sources */ = {
			isa = PBXSourcesBuildPhase;
			buildActionMask = 2147483647;
			files = (
				5BF1562B25EC3D18008EC837 /* MockNetworkManager.swift in Sources */,
				5B86AE7425ECDB5500DCC5F5 /* GitSearchReposViewModelTests.swift in Sources */,
				5BF1563E25EC4BDB008EC837 /* GitSearchServiceHandlerTests.swift in Sources */,
				5B86AFDC25EEA9EC00DCC5F5 /* GitRepoDetailViewModelTests.swift in Sources */,
				5B86AF0F25ED8BE600DCC5F5 /* GitRepoRemoteListProviderTests.swift in Sources */,
			);
			runOnlyForDeploymentPostprocessing = 0;
		};
		5BF1555925EA8DE7008EC837 /* Sources */ = {
			isa = PBXSourcesBuildPhase;
			buildActionMask = 2147483647;
			files = (
				5BF1565925EC503D008EC837 /* GitExplorerUITests.swift in Sources */,
			);
			runOnlyForDeploymentPostprocessing = 0;
		};
/* End PBXSourcesBuildPhase section */

/* Begin PBXTargetDependency section */
		5BF1555425EA8DE7008EC837 /* PBXTargetDependency */ = {
			isa = PBXTargetDependency;
			target = 5BF1553B25EA8DE3008EC837 /* GitExplorer */;
			targetProxy = 5BF1555325EA8DE7008EC837 /* PBXContainerItemProxy */;
		};
		5BF1555F25EA8DE8008EC837 /* PBXTargetDependency */ = {
			isa = PBXTargetDependency;
			target = 5BF1553B25EA8DE3008EC837 /* GitExplorer */;
			targetProxy = 5BF1555E25EA8DE8008EC837 /* PBXContainerItemProxy */;
		};
/* End PBXTargetDependency section */

/* Begin PBXVariantGroup section */
		5BF1554525EA8DE3008EC837 /* Main.storyboard */ = {
			isa = PBXVariantGroup;
			children = (
				5BF1554625EA8DE3008EC837 /* Base */,
			);
			name = Main.storyboard;
			sourceTree = "<group>";
		};
		5BF1554A25EA8DE6008EC837 /* LaunchScreen.storyboard */ = {
			isa = PBXVariantGroup;
			children = (
				5BF1554B25EA8DE6008EC837 /* Base */,
			);
			name = LaunchScreen.storyboard;
			sourceTree = "<group>";
		};
/* End PBXVariantGroup section */

/* Begin XCBuildConfiguration section */
		5BF1556425EA8DE8008EC837 /* Debug */ = {
			isa = XCBuildConfiguration;
			buildSettings = {
				ALWAYS_SEARCH_USER_PATHS = NO;
				CLANG_ANALYZER_NONNULL = YES;
				CLANG_ANALYZER_NUMBER_OBJECT_CONVERSION = YES_AGGRESSIVE;
				CLANG_CXX_LANGUAGE_STANDARD = "gnu++14";
				CLANG_CXX_LIBRARY = "libc++";
				CLANG_ENABLE_MODULES = YES;
				CLANG_ENABLE_OBJC_ARC = YES;
				CLANG_ENABLE_OBJC_WEAK = YES;
				CLANG_WARN_BLOCK_CAPTURE_AUTORELEASING = YES;
				CLANG_WARN_BOOL_CONVERSION = YES;
				CLANG_WARN_COMMA = YES;
				CLANG_WARN_CONSTANT_CONVERSION = YES;
				CLANG_WARN_DEPRECATED_OBJC_IMPLEMENTATIONS = YES;
				CLANG_WARN_DIRECT_OBJC_ISA_USAGE = YES_ERROR;
				CLANG_WARN_DOCUMENTATION_COMMENTS = YES;
				CLANG_WARN_EMPTY_BODY = YES;
				CLANG_WARN_ENUM_CONVERSION = YES;
				CLANG_WARN_INFINITE_RECURSION = YES;
				CLANG_WARN_INT_CONVERSION = YES;
				CLANG_WARN_NON_LITERAL_NULL_CONVERSION = YES;
				CLANG_WARN_OBJC_IMPLICIT_RETAIN_SELF = YES;
				CLANG_WARN_OBJC_LITERAL_CONVERSION = YES;
				CLANG_WARN_OBJC_ROOT_CLASS = YES_ERROR;
				CLANG_WARN_QUOTED_INCLUDE_IN_FRAMEWORK_HEADER = YES;
				CLANG_WARN_RANGE_LOOP_ANALYSIS = YES;
				CLANG_WARN_STRICT_PROTOTYPES = YES;
				CLANG_WARN_SUSPICIOUS_MOVE = YES;
				CLANG_WARN_UNGUARDED_AVAILABILITY = YES_AGGRESSIVE;
				CLANG_WARN_UNREACHABLE_CODE = YES;
				CLANG_WARN__DUPLICATE_METHOD_MATCH = YES;
				COPY_PHASE_STRIP = NO;
				DEBUG_INFORMATION_FORMAT = dwarf;
				ENABLE_STRICT_OBJC_MSGSEND = YES;
				ENABLE_TESTABILITY = YES;
				GCC_C_LANGUAGE_STANDARD = gnu11;
				GCC_DYNAMIC_NO_PIC = NO;
				GCC_NO_COMMON_BLOCKS = YES;
				GCC_OPTIMIZATION_LEVEL = 0;
				GCC_PREPROCESSOR_DEFINITIONS = (
					"DEBUG=1",
					"$(inherited)",
				);
				GCC_WARN_64_TO_32_BIT_CONVERSION = YES;
				GCC_WARN_ABOUT_RETURN_TYPE = YES_ERROR;
				GCC_WARN_UNDECLARED_SELECTOR = YES;
				GCC_WARN_UNINITIALIZED_AUTOS = YES_AGGRESSIVE;
				GCC_WARN_UNUSED_FUNCTION = YES;
				GCC_WARN_UNUSED_VARIABLE = YES;
				IPHONEOS_DEPLOYMENT_TARGET = 14.4;
				MTL_ENABLE_DEBUG_INFO = INCLUDE_SOURCE;
				MTL_FAST_MATH = YES;
				ONLY_ACTIVE_ARCH = YES;
				SDKROOT = iphoneos;
				SWIFT_ACTIVE_COMPILATION_CONDITIONS = DEBUG;
				SWIFT_OPTIMIZATION_LEVEL = "-Onone";
			};
			name = Debug;
		};
		5BF1556525EA8DE8008EC837 /* Release */ = {
			isa = XCBuildConfiguration;
			buildSettings = {
				ALWAYS_SEARCH_USER_PATHS = NO;
				CLANG_ANALYZER_NONNULL = YES;
				CLANG_ANALYZER_NUMBER_OBJECT_CONVERSION = YES_AGGRESSIVE;
				CLANG_CXX_LANGUAGE_STANDARD = "gnu++14";
				CLANG_CXX_LIBRARY = "libc++";
				CLANG_ENABLE_MODULES = YES;
				CLANG_ENABLE_OBJC_ARC = YES;
				CLANG_ENABLE_OBJC_WEAK = YES;
				CLANG_WARN_BLOCK_CAPTURE_AUTORELEASING = YES;
				CLANG_WARN_BOOL_CONVERSION = YES;
				CLANG_WARN_COMMA = YES;
				CLANG_WARN_CONSTANT_CONVERSION = YES;
				CLANG_WARN_DEPRECATED_OBJC_IMPLEMENTATIONS = YES;
				CLANG_WARN_DIRECT_OBJC_ISA_USAGE = YES_ERROR;
				CLANG_WARN_DOCUMENTATION_COMMENTS = YES;
				CLANG_WARN_EMPTY_BODY = YES;
				CLANG_WARN_ENUM_CONVERSION = YES;
				CLANG_WARN_INFINITE_RECURSION = YES;
				CLANG_WARN_INT_CONVERSION = YES;
				CLANG_WARN_NON_LITERAL_NULL_CONVERSION = YES;
				CLANG_WARN_OBJC_IMPLICIT_RETAIN_SELF = YES;
				CLANG_WARN_OBJC_LITERAL_CONVERSION = YES;
				CLANG_WARN_OBJC_ROOT_CLASS = YES_ERROR;
				CLANG_WARN_QUOTED_INCLUDE_IN_FRAMEWORK_HEADER = YES;
				CLANG_WARN_RANGE_LOOP_ANALYSIS = YES;
				CLANG_WARN_STRICT_PROTOTYPES = YES;
				CLANG_WARN_SUSPICIOUS_MOVE = YES;
				CLANG_WARN_UNGUARDED_AVAILABILITY = YES_AGGRESSIVE;
				CLANG_WARN_UNREACHABLE_CODE = YES;
				CLANG_WARN__DUPLICATE_METHOD_MATCH = YES;
				COPY_PHASE_STRIP = NO;
				DEBUG_INFORMATION_FORMAT = "dwarf-with-dsym";
				ENABLE_NS_ASSERTIONS = NO;
				ENABLE_STRICT_OBJC_MSGSEND = YES;
				GCC_C_LANGUAGE_STANDARD = gnu11;
				GCC_NO_COMMON_BLOCKS = YES;
				GCC_WARN_64_TO_32_BIT_CONVERSION = YES;
				GCC_WARN_ABOUT_RETURN_TYPE = YES_ERROR;
				GCC_WARN_UNDECLARED_SELECTOR = YES;
				GCC_WARN_UNINITIALIZED_AUTOS = YES_AGGRESSIVE;
				GCC_WARN_UNUSED_FUNCTION = YES;
				GCC_WARN_UNUSED_VARIABLE = YES;
				IPHONEOS_DEPLOYMENT_TARGET = 14.4;
				MTL_ENABLE_DEBUG_INFO = NO;
				MTL_FAST_MATH = YES;
				SDKROOT = iphoneos;
				SWIFT_COMPILATION_MODE = wholemodule;
				SWIFT_OPTIMIZATION_LEVEL = "-O";
				VALIDATE_PRODUCT = YES;
			};
			name = Release;
		};
		5BF1556725EA8DE8008EC837 /* Debug */ = {
			isa = XCBuildConfiguration;
			baseConfigurationReference = 00A6171106EF0D661171D0EB /* Pods-GitExplorer.debug.xcconfig */;
			buildSettings = {
				ASSETCATALOG_COMPILER_APPICON_NAME = AppIcon;
				ASSETCATALOG_COMPILER_GLOBAL_ACCENT_COLOR_NAME = AccentColor;
				CODE_SIGN_STYLE = Automatic;
				INFOPLIST_FILE = GitExplorer/Info.plist;
				LD_RUNPATH_SEARCH_PATHS = (
					"$(inherited)",
					"@executable_path/Frameworks",
				);
				PRODUCT_BUNDLE_IDENTIFIER = com.smitha.GitExplorer;
				PRODUCT_NAME = "$(TARGET_NAME)";
				SWIFT_VERSION = 5.0;
				TARGETED_DEVICE_FAMILY = "1,2";
			};
			name = Debug;
		};
		5BF1556825EA8DE8008EC837 /* Release */ = {
			isa = XCBuildConfiguration;
			baseConfigurationReference = 80CE45EB0EC67D293F230058 /* Pods-GitExplorer.release.xcconfig */;
			buildSettings = {
				ASSETCATALOG_COMPILER_APPICON_NAME = AppIcon;
				ASSETCATALOG_COMPILER_GLOBAL_ACCENT_COLOR_NAME = AccentColor;
				CODE_SIGN_STYLE = Automatic;
				INFOPLIST_FILE = GitExplorer/Info.plist;
				LD_RUNPATH_SEARCH_PATHS = (
					"$(inherited)",
					"@executable_path/Frameworks",
				);
				PRODUCT_BUNDLE_IDENTIFIER = com.smitha.GitExplorer;
				PRODUCT_NAME = "$(TARGET_NAME)";
				SWIFT_VERSION = 5.0;
				TARGETED_DEVICE_FAMILY = "1,2";
			};
			name = Release;
		};
		5BF1556A25EA8DE8008EC837 /* Debug */ = {
			isa = XCBuildConfiguration;
			baseConfigurationReference = F7721E541B1CB7F126A652C1 /* Pods-GitExplorerTests.debug.xcconfig */;
			buildSettings = {
				ALWAYS_EMBED_SWIFT_STANDARD_LIBRARIES = YES;
				BUNDLE_LOADER = "$(TEST_HOST)";
				CODE_SIGN_STYLE = Automatic;
				INFOPLIST_FILE = GitExplorerTests/Info.plist;
				IPHONEOS_DEPLOYMENT_TARGET = 14.4;
				LD_RUNPATH_SEARCH_PATHS = (
					"$(inherited)",
					"@executable_path/Frameworks",
					"@loader_path/Frameworks",
				);
				PRODUCT_BUNDLE_IDENTIFIER = com.smitha.GitExplorerTests;
				PRODUCT_NAME = "$(TARGET_NAME)";
				SWIFT_VERSION = 5.0;
				TARGETED_DEVICE_FAMILY = "1,2";
				TEST_HOST = "$(BUILT_PRODUCTS_DIR)/GitExplorer.app/GitExplorer";
			};
			name = Debug;
		};
		5BF1556B25EA8DE8008EC837 /* Release */ = {
			isa = XCBuildConfiguration;
			baseConfigurationReference = 5D90383D8F5A31EACED47B18 /* Pods-GitExplorerTests.release.xcconfig */;
			buildSettings = {
				ALWAYS_EMBED_SWIFT_STANDARD_LIBRARIES = YES;
				BUNDLE_LOADER = "$(TEST_HOST)";
				CODE_SIGN_STYLE = Automatic;
				INFOPLIST_FILE = GitExplorerTests/Info.plist;
				IPHONEOS_DEPLOYMENT_TARGET = 14.4;
				LD_RUNPATH_SEARCH_PATHS = (
					"$(inherited)",
					"@executable_path/Frameworks",
					"@loader_path/Frameworks",
				);
				PRODUCT_BUNDLE_IDENTIFIER = com.smitha.GitExplorerTests;
				PRODUCT_NAME = "$(TARGET_NAME)";
				SWIFT_VERSION = 5.0;
				TARGETED_DEVICE_FAMILY = "1,2";
				TEST_HOST = "$(BUILT_PRODUCTS_DIR)/GitExplorer.app/GitExplorer";
			};
			name = Release;
		};
		5BF1556D25EA8DE8008EC837 /* Debug */ = {
			isa = XCBuildConfiguration;
			baseConfigurationReference = 786A680A89E8B400676896B1 /* Pods-GitExplorer-GitExplorerUITests.debug.xcconfig */;
			buildSettings = {
				ALWAYS_EMBED_SWIFT_STANDARD_LIBRARIES = YES;
				CODE_SIGN_STYLE = Automatic;
				INFOPLIST_FILE = GitExplorerUITests/Info.plist;
				LD_RUNPATH_SEARCH_PATHS = (
					"$(inherited)",
					"@executable_path/Frameworks",
					"@loader_path/Frameworks",
				);
				PRODUCT_BUNDLE_IDENTIFIER = com.smitha.GitExplorerUITests;
				PRODUCT_NAME = "$(TARGET_NAME)";
				SWIFT_VERSION = 5.0;
				TARGETED_DEVICE_FAMILY = "1,2";
				TEST_TARGET_NAME = GitExplorer;
			};
			name = Debug;
		};
		5BF1556E25EA8DE8008EC837 /* Release */ = {
			isa = XCBuildConfiguration;
			baseConfigurationReference = 6DB88C12C110C302707E2716 /* Pods-GitExplorer-GitExplorerUITests.release.xcconfig */;
			buildSettings = {
				ALWAYS_EMBED_SWIFT_STANDARD_LIBRARIES = YES;
				CODE_SIGN_STYLE = Automatic;
				INFOPLIST_FILE = GitExplorerUITests/Info.plist;
				LD_RUNPATH_SEARCH_PATHS = (
					"$(inherited)",
					"@executable_path/Frameworks",
					"@loader_path/Frameworks",
				);
				PRODUCT_BUNDLE_IDENTIFIER = com.smitha.GitExplorerUITests;
				PRODUCT_NAME = "$(TARGET_NAME)";
				SWIFT_VERSION = 5.0;
				TARGETED_DEVICE_FAMILY = "1,2";
				TEST_TARGET_NAME = GitExplorer;
			};
			name = Release;
		};
/* End XCBuildConfiguration section */

/* Begin XCConfigurationList section */
		5BF1553725EA8DE3008EC837 /* Build configuration list for PBXProject "GitExplorer" */ = {
			isa = XCConfigurationList;
			buildConfigurations = (
				5BF1556425EA8DE8008EC837 /* Debug */,
				5BF1556525EA8DE8008EC837 /* Release */,
			);
			defaultConfigurationIsVisible = 0;
			defaultConfigurationName = Release;
		};
		5BF1556625EA8DE8008EC837 /* Build configuration list for PBXNativeTarget "GitExplorer" */ = {
			isa = XCConfigurationList;
			buildConfigurations = (
				5BF1556725EA8DE8008EC837 /* Debug */,
				5BF1556825EA8DE8008EC837 /* Release */,
			);
			defaultConfigurationIsVisible = 0;
			defaultConfigurationName = Release;
		};
		5BF1556925EA8DE8008EC837 /* Build configuration list for PBXNativeTarget "GitExplorerTests" */ = {
			isa = XCConfigurationList;
			buildConfigurations = (
				5BF1556A25EA8DE8008EC837 /* Debug */,
				5BF1556B25EA8DE8008EC837 /* Release */,
			);
			defaultConfigurationIsVisible = 0;
			defaultConfigurationName = Release;
		};
		5BF1556C25EA8DE8008EC837 /* Build configuration list for PBXNativeTarget "GitExplorerUITests" */ = {
			isa = XCConfigurationList;
			buildConfigurations = (
				5BF1556D25EA8DE8008EC837 /* Debug */,
				5BF1556E25EA8DE8008EC837 /* Release */,
			);
			defaultConfigurationIsVisible = 0;
			defaultConfigurationName = Release;
		};
/* End XCConfigurationList section */
	};
	rootObject = 5BF1553425EA8DE3008EC837 /* Project object */;
}
